
Microsoft Visual Studio Solution File, Format Version 12.00
# Visual Studio 14
VisualStudioVersion = 14.0.25420.1
MinimumVisualStudioVersion = 10.0.40219.1
Project("{FAE04EC0-301F-11D3-BF4B-00C04F79EFBC}") = "PasswordManager.Droid", "PasswordManager\PasswordManager.Droid\PasswordManager.Droid.csproj", "{5F4DD32B-2E46-4DFF-A9A4-2EA1E132DE8D}"
EndProject
Project("{FAE04EC0-301F-11D3-BF4B-00C04F79EFBC}") = "PasswordManager.iOS", "PasswordManager\PasswordManager.iOS\PasswordManager.iOS.csproj", "{7868E11F-2134-470C-AC3F-C60248AF69FE}"
EndProject
Project("{FAE04EC0-301F-11D3-BF4B-00C04F79EFBC}") = "PasswordManager", "PasswordManager\PasswordManager\PasswordManager.csproj", "{9B3511DE-7BF3-4EF7-ABA4-3DC7FDB8FEE6}"
EndProject
Global
	GlobalSection(SolutionConfigurationPlatforms) = preSolution
		Debug|Any CPU = Debug|Any CPU
		Debug|ARM = Debug|ARM
		Debug|iPhone = Debug|iPhone
		Debug|iPhoneSimulator = Debug|iPhoneSimulator
		Debug|x86 = Debug|x86
		Release|Any CPU = Release|Any CPU
		Release|ARM = Release|ARM
		Release|iPhone = Release|iPhone
		Release|iPhoneSimulator = Release|iPhoneSimulator
		Release|x86 = Release|x86
	EndGlobalSection
	GlobalSection(ProjectConfigurationPlatforms) = postSolution
		{5F4DD32B-2E46-4DFF-A9A4-2EA1E132DE8D}.Debug|Any CPU.ActiveCfg = Debug|Any CPU
		{5F4DD32B-2E46-4DFF-A9A4-2EA1E132DE8D}.Debug|Any CPU.Build.0 = Debug|Any CPU
		{5F4DD32B-2E46-4DFF-A9A4-2EA1E132DE8D}.Debug|Any CPU.Deploy.0 = Debug|Any CPU
		{5F4DD32B-2E46-4DFF-A9A4-2EA1E132DE8D}.Debug|ARM.ActiveCfg = Debug|Any CPU
		{5F4DD32B-2E46-4DFF-A9A4-2EA1E132DE8D}.Debug|ARM.Build.0 = Debug|Any CPU
		{5F4DD32B-2E46-4DFF-A9A4-2EA1E132DE8D}.Debug|ARM.Deploy.0 = Debug|Any CPU
		{5F4DD32B-2E46-4DFF-A9A4-2EA1E132DE8D}.Debug|iPhone.ActiveCfg = Debug|Any CPU
		{5F4DD32B-2E46-4DFF-A9A4-2EA1E132DE8D}.Debug|iPhone.Build.0 = Debug|Any CPU
		{5F4DD32B-2E46-4DFF-A9A4-2EA1E132DE8D}.Debug|iPhone.Deploy.0 = Debug|Any CPU
		{5F4DD32B-2E46-4DFF-A9A4-2EA1E132DE8D}.Debug|iPhoneSimulator.ActiveCfg = Debug|Any CPU
		{5F4DD32B-2E46-4DFF-A9A4-2EA1E132DE8D}.Debug|iPhoneSimulator.Build.0 = Debug|Any CPU
		{5F4DD32B-2E46-4DFF-A9A4-2EA1E132DE8D}.Debug|iPhoneSimulator.Deploy.0 = Debug|Any CPU
		{5F4DD32B-2E46-4DFF-A9A4-2EA1E132DE8D}.Debug|x86.ActiveCfg = Debug|Any CPU
		{5F4DD32B-2E46-4DFF-A9A4-2EA1E132DE8D}.Debug|x86.Build.0 = Debug|Any CPU
		{5F4DD32B-2E46-4DFF-A9A4-2EA1E132DE8D}.Debug|x86.Deploy.0 = Debug|Any CPU
		{5F4DD32B-2E46-4DFF-A9A4-2EA1E132DE8D}.Release|Any CPU.ActiveCfg = Release|Any CPU
		{5F4DD32B-2E46-4DFF-A9A4-2EA1E132DE8D}.Release|Any CPU.Build.0 = Release|Any CPU
		{5F4DD32B-2E46-4DFF-A9A4-2EA1E132DE8D}.Release|Any CPU.Deploy.0 = Release|Any CPU
		{5F4DD32B-2E46-4DFF-A9A4-2EA1E132DE8D}.Release|ARM.ActiveCfg = Release|Any CPU
		{5F4DD32B-2E46-4DFF-A9A4-2EA1E132DE8D}.Release|ARM.Build.0 = Release|Any CPU
		{5F4DD32B-2E46-4DFF-A9A4-2EA1E132DE8D}.Release|ARM.Deploy.0 = Release|Any CPU
		{5F4DD32B-2E46-4DFF-A9A4-2EA1E132DE8D}.Release|iPhone.ActiveCfg = Release|Any CPU
		{5F4DD32B-2E46-4DFF-A9A4-2EA1E132DE8D}.Release|iPhone.Build.0 = Release|Any CPU
		{5F4DD32B-2E46-4DFF-A9A4-2EA1E132DE8D}.Release|iPhone.Deploy.0 = Release|Any CPU
		{5F4DD32B-2E46-4DFF-A9A4-2EA1E132DE8D}.Release|iPhoneSimulator.ActiveCfg = Release|Any CPU
		{5F4DD32B-2E46-4DFF-A9A4-2EA1E132DE8D}.Release|iPhoneSimulator.Build.0 = Release|Any CPU
		{5F4DD32B-2E46-4DFF-A9A4-2EA1E132DE8D}.Release|iPhoneSimulator.Deploy.0 = Release|Any CPU
		{5F4DD32B-2E46-4DFF-A9A4-2EA1E132DE8D}.Release|x86.ActiveCfg = Release|Any CPU
		{5F4DD32B-2E46-4DFF-A9A4-2EA1E132DE8D}.Release|x86.Build.0 = Release|Any CPU
		{5F4DD32B-2E46-4DFF-A9A4-2EA1E132DE8D}.Release|x86.Deploy.0 = Release|Any CPU
		{7868E11F-2134-470C-AC3F-C60248AF69FE}.Debug|Any CPU.ActiveCfg = Debug|iPhone
		{7868E11F-2134-470C-AC3F-C60248AF69FE}.Debug|ARM.ActiveCfg = Debug|iPhone
		{7868E11F-2134-470C-AC3F-C60248AF69FE}.Debug|iPhone.ActiveCfg = Debug|iPhone
		{7868E11F-2134-470C-AC3F-C60248AF69FE}.Debug|iPhone.Build.0 = Debug|iPhone
		{7868E11F-2134-470C-AC3F-C60248AF69FE}.Debug|iPhoneSimulator.ActiveCfg = Debug|iPhoneSimulator
		{7868E11F-2134-470C-AC3F-C60248AF69FE}.Debug|iPhoneSimulator.Build.0 = Debug|iPhoneSimulator
		{7868E11F-2134-470C-AC3F-C60248AF69FE}.Debug|x86.ActiveCfg = Debug|iPhone
		{7868E11F-2134-470C-AC3F-C60248AF69FE}.Release|Any CPU.ActiveCfg = Release|iPhone
		{7868E11F-2134-470C-AC3F-C60248AF69FE}.Release|ARM.ActiveCfg = Release|iPhone
		{7868E11F-2134-470C-AC3F-C60248AF69FE}.Release|iPhone.ActiveCfg = Release|iPhone
		{7868E11F-2134-470C-AC3F-C60248AF69FE}.Release|iPhone.Build.0 = Release|iPhone
		{7868E11F-2134-470C-AC3F-C60248AF69FE}.Release|iPhoneSimulator.ActiveCfg = Release|iPhoneSimulator
		{7868E11F-2134-470C-AC3F-C60248AF69FE}.Release|iPhoneSimulator.Build.0 = Release|iPhoneSimulator
		{7868E11F-2134-470C-AC3F-C60248AF69FE}.Release|x86.ActiveCfg = Release|iPhone
		{9B3511DE-7BF3-4EF7-ABA4-3DC7FDB8FEE6}.Debug|Any CPU.ActiveCfg = Debug|Any CPU
		{9B3511DE-7BF3-4EF7-ABA4-3DC7FDB8FEE6}.Debug|Any CPU.Build.0 = Debug|Any CPU
		{9B3511DE-7BF3-4EF7-ABA4-3DC7FDB8FEE6}.Debug|ARM.ActiveCfg = Debug|Any CPU
		{9B3511DE-7BF3-4EF7-ABA4-3DC7FDB8FEE6}.Debug|ARM.Build.0 = Debug|Any CPU
		{9B3511DE-7BF3-4EF7-ABA4-3DC7FDB8FEE6}.Debug|iPhone.ActiveCfg = Debug|Any CPU
		{9B3511DE-7BF3-4EF7-ABA4-3DC7FDB8FEE6}.Debug|iPhone.Build.0 = Debug|Any CPU
		{9B3511DE-7BF3-4EF7-ABA4-3DC7FDB8FEE6}.Debug|iPhoneSimulator.ActiveCfg = Debug|Any CPU
		{9B3511DE-7BF3-4EF7-ABA4-3DC7FDB8FEE6}.Debug|iPhoneSimulator.Build.0 = Debug|Any CPU
		{9B3511DE-7BF3-4EF7-ABA4-3DC7FDB8FEE6}.Debug|x86.ActiveCfg = Debug|Any CPU
		{9B3511DE-7BF3-4EF7-ABA4-3DC7FDB8FEE6}.Debug|x86.Build.0 = Debug|Any CPU
		{9B3511DE-7BF3-4EF7-ABA4-3DC7FDB8FEE6}.Release|Any CPU.ActiveCfg = Release|Any CPU
		{9B3511DE-7BF3-4EF7-ABA4-3DC7FDB8FEE6}.Release|Any CPU.Build.0 = Release|Any CPU
		{9B3511DE-7BF3-4EF7-ABA4-3DC7FDB8FEE6}.Release|ARM.ActiveCfg = Release|Any CPU
		{9B3511DE-7BF3-4EF7-ABA4-3DC7FDB8FEE6}.Release|ARM.Build.0 = Release|Any CPU
		{9B3511DE-7BF3-4EF7-ABA4-3DC7FDB8FEE6}.Release|iPhone.ActiveCfg = Release|Any CPU
		{9B3511DE-7BF3-4EF7-ABA4-3DC7FDB8FEE6}.Release|iPhone.Build.0 = Release|Any CPU
		{9B3511DE-7BF3-4EF7-ABA4-3DC7FDB8FEE6}.Release|iPhoneSimulator.ActiveCfg = Release|Any CPU
		{9B3511DE-7BF3-4EF7-ABA4-3DC7FDB8FEE6}.Release|iPhoneSimulator.Build.0 = Release|Any CPU
		{9B3511DE-7BF3-4EF7-ABA4-3DC7FDB8FEE6}.Release|x86.ActiveCfg = Release|Any CPU
		{9B3511DE-7BF3-4EF7-ABA4-3DC7FDB8FEE6}.Release|x86.Build.0 = Release|Any CPU
	EndGlobalSection
	GlobalSection(SolutionProperties) = preSolution
		HideSolutionNode = FALSE
	EndGlobalSection
EndGlobal
